// !$*UTF8*$!
{
	archiveVersion = 1;
	classes = {
	};
	objectVersion = 56;
	objects = {

/* Begin PBXBuildFile section */
		2B479C7B2937EEC2005B5D78 /* NS_XCUITest_ExampleApp.swift in Sources */ = {isa = PBXBuildFile; fileRef = 2B479C7A2937EEC2005B5D78 /* NS_XCUITest_ExampleApp.swift */; };
		2B479C7D2937EEC2005B5D78 /* ContentView.swift in Sources */ = {isa = PBXBuildFile; fileRef = 2B479C7C2937EEC2005B5D78 /* ContentView.swift */; };
		2B479C7F2937EEC5005B5D78 /* Assets.xcassets in Resources */ = {isa = PBXBuildFile; fileRef = 2B479C7E2937EEC5005B5D78 /* Assets.xcassets */; };
		2B479C832937EEC5005B5D78 /* Preview Assets.xcassets in Resources */ = {isa = PBXBuildFile; fileRef = 2B479C822937EEC5005B5D78 /* Preview Assets.xcassets */; };
		2B479C8D2937EEC5005B5D78 /* NS_XCUITest_ExampleTests.swift in Sources */ = {isa = PBXBuildFile; fileRef = 2B479C8C2937EEC5005B5D78 /* NS_XCUITest_ExampleTests.swift */; };
		2B479C972937EEC5005B5D78 /* NS_XCUITest_ExampleUITests.swift in Sources */ = {isa = PBXBuildFile; fileRef = 2B479C962937EEC5005B5D78 /* NS_XCUITest_ExampleUITests.swift */; };
		2B479C992937EEC5005B5D78 /* NS_XCUITest_ExampleUITestsLaunchTests.swift in Sources */ = {isa = PBXBuildFile; fileRef = 2B479C982937EEC5005B5D78 /* NS_XCUITest_ExampleUITestsLaunchTests.swift */; };
/* End PBXBuildFile section */

/* Begin PBXContainerItemProxy section */
		2B479C892937EEC5005B5D78 /* PBXContainerItemProxy */ = {
			isa = PBXContainerItemProxy;
			containerPortal = 2B479C6F2937EEC2005B5D78 /* Project object */;
			proxyType = 1;
			remoteGlobalIDString = 2B479C762937EEC2005B5D78;
			remoteInfo = NS_XCUITest_Example;
		};
		2B479C932937EEC5005B5D78 /* PBXContainerItemProxy */ = {
			isa = PBXContainerItemProxy;
			containerPortal = 2B479C6F2937EEC2005B5D78 /* Project object */;
			proxyType = 1;
			remoteGlobalIDString = 2B479C762937EEC2005B5D78;
			remoteInfo = NS_XCUITest_Example;
		};
/* End PBXContainerItemProxy section */

/* Begin PBXFileReference section */
		2B479C772937EEC2005B5D78 /* NS_XCUITest_Example.app */ = {isa = PBXFileReference; explicitFileType = wrapper.application; includeInIndex = 0; path = NS_XCUITest_Example.app; sourceTree = BUILT_PRODUCTS_DIR; };
		2B479C7A2937EEC2005B5D78 /* NS_XCUITest_ExampleApp.swift */ = {isa = PBXFileReference; lastKnownFileType = sourcecode.swift; path = NS_XCUITest_ExampleApp.swift; sourceTree = "<group>"; };
		2B479C7C2937EEC2005B5D78 /* ContentView.swift */ = {isa = PBXFileReference; lastKnownFileType = sourcecode.swift; path = ContentView.swift; sourceTree = "<group>"; };
		2B479C7E2937EEC5005B5D78 /* Assets.xcassets */ = {isa = PBXFileReference; lastKnownFileType = folder.assetcatalog; path = Assets.xcassets; sourceTree = "<group>"; };
		2B479C802937EEC5005B5D78 /* NS_XCUITest_Example.entitlements */ = {isa = PBXFileReference; lastKnownFileType = text.plist.entitlements; path = NS_XCUITest_Example.entitlements; sourceTree = "<group>"; };
		2B479C822937EEC5005B5D78 /* Preview Assets.xcassets */ = {isa = PBXFileReference; lastKnownFileType = folder.assetcatalog; path = "Preview Assets.xcassets"; sourceTree = "<group>"; };
		2B479C882937EEC5005B5D78 /* NS_XCUITest_ExampleTests.xctest */ = {isa = PBXFileReference; explicitFileType = wrapper.cfbundle; includeInIndex = 0; path = NS_XCUITest_ExampleTests.xctest; sourceTree = BUILT_PRODUCTS_DIR; };
		2B479C8C2937EEC5005B5D78 /* NS_XCUITest_ExampleTests.swift */ = {isa = PBXFileReference; lastKnownFileType = sourcecode.swift; path = NS_XCUITest_ExampleTests.swift; sourceTree = "<group>"; };
		2B479C922937EEC5005B5D78 /* NS_XCUITest_ExampleUITests.xctest */ = {isa = PBXFileReference; explicitFileType = wrapper.cfbundle; includeInIndex = 0; path = NS_XCUITest_ExampleUITests.xctest; sourceTree = BUILT_PRODUCTS_DIR; };
		2B479C962937EEC5005B5D78 /* NS_XCUITest_ExampleUITests.swift */ = {isa = PBXFileReference; lastKnownFileType = sourcecode.swift; path = NS_XCUITest_ExampleUITests.swift; sourceTree = "<group>"; };
		2B479C982937EEC5005B5D78 /* NS_XCUITest_ExampleUITestsLaunchTests.swift */ = {isa = PBXFileReference; lastKnownFileType = sourcecode.swift; path = NS_XCUITest_ExampleUITestsLaunchTests.swift; sourceTree = "<group>"; };
/* End PBXFileReference section */

/* Begin PBXFrameworksBuildPhase section */
		2B479C742937EEC2005B5D78 /* Frameworks */ = {
			isa = PBXFrameworksBuildPhase;
			buildActionMask = 2147483647;
			files = (
			);
			runOnlyForDeploymentPostprocessing = 0;
		};
		2B479C852937EEC5005B5D78 /* Frameworks */ = {
			isa = PBXFrameworksBuildPhase;
			buildActionMask = 2147483647;
			files = (
			);
			runOnlyForDeploymentPostprocessing = 0;
		};
		2B479C8F2937EEC5005B5D78 /* Frameworks */ = {
			isa = PBXFrameworksBuildPhase;
			buildActionMask = 2147483647;
			files = (
			);
			runOnlyForDeploymentPostprocessing = 0;
		};
/* End PBXFrameworksBuildPhase section */

/* Begin PBXGroup section */
		2B479C6E2937EEC2005B5D78 = {
			isa = PBXGroup;
			children = (
				2B479C792937EEC2005B5D78 /* NS_XCUITest_Example */,
				2B479C8B2937EEC5005B5D78 /* NS_XCUITest_ExampleTests */,
				2B479C952937EEC5005B5D78 /* NS_XCUITest_ExampleUITests */,
				2B479C782937EEC2005B5D78 /* Products */,
			);
			sourceTree = "<group>";
		};
		2B479C782937EEC2005B5D78 /* Products */ = {
			isa = PBXGroup;
			children = (
				2B479C772937EEC2005B5D78 /* NS_XCUITest_Example.app */,
				2B479C882937EEC5005B5D78 /* NS_XCUITest_ExampleTests.xctest */,
				2B479C922937EEC5005B5D78 /* NS_XCUITest_ExampleUITests.xctest */,
			);
			name = Products;
			sourceTree = "<group>";
		};
		2B479C792937EEC2005B5D78 /* NS_XCUITest_Example */ = {
			isa = PBXGroup;
			children = (
				2B479C7A2937EEC2005B5D78 /* NS_XCUITest_ExampleApp.swift */,
				2B479C7C2937EEC2005B5D78 /* ContentView.swift */,
				2B479C7E2937EEC5005B5D78 /* Assets.xcassets */,
				2B479C802937EEC5005B5D78 /* NS_XCUITest_Example.entitlements */,
				2B479C812937EEC5005B5D78 /* Preview Content */,
			);
			path = NS_XCUITest_Example;
			sourceTree = "<group>";
		};
		2B479C812937EEC5005B5D78 /* Preview Content */ = {
			isa = PBXGroup;
			children = (
				2B479C822937EEC5005B5D78 /* Preview Assets.xcassets */,
			);
			path = "Preview Content";
			sourceTree = "<group>";
		};
		2B479C8B2937EEC5005B5D78 /* NS_XCUITest_ExampleTests */ = {
			isa = PBXGroup;
			children = (
				2B479C8C2937EEC5005B5D78 /* NS_XCUITest_ExampleTests.swift */,
			);
			path = NS_XCUITest_ExampleTests;
			sourceTree = "<group>";
		};
		2B479C952937EEC5005B5D78 /* NS_XCUITest_ExampleUITests */ = {
			isa = PBXGroup;
			children = (
				2B479C962937EEC5005B5D78 /* NS_XCUITest_ExampleUITests.swift */,
				2B479C982937EEC5005B5D78 /* NS_XCUITest_ExampleUITestsLaunchTests.swift */,
			);
			path = NS_XCUITest_ExampleUITests;
			sourceTree = "<group>";
		};
/* End PBXGroup section */

/* Begin PBXNativeTarget section */
		2B479C762937EEC2005B5D78 /* NS_XCUITest_Example */ = {
			isa = PBXNativeTarget;
			buildConfigurationList = 2B479C9C2937EEC5005B5D78 /* Build configuration list for PBXNativeTarget "NS_XCUITest_Example" */;
			buildPhases = (
				2B479C732937EEC2005B5D78 /* Sources */,
				2B479C742937EEC2005B5D78 /* Frameworks */,
				2B479C752937EEC2005B5D78 /* Resources */,
			);
			buildRules = (
			);
			dependencies = (
			);
			name = NS_XCUITest_Example;
			productName = NS_XCUITest_Example;
			productReference = 2B479C772937EEC2005B5D78 /* NS_XCUITest_Example.app */;
			productType = "com.apple.product-type.application";
		};
		2B479C872937EEC5005B5D78 /* NS_XCUITest_ExampleTests */ = {
			isa = PBXNativeTarget;
			buildConfigurationList = 2B479C9F2937EEC5005B5D78 /* Build configuration list for PBXNativeTarget "NS_XCUITest_ExampleTests" */;
			buildPhases = (
				2B479C842937EEC5005B5D78 /* Sources */,
				2B479C852937EEC5005B5D78 /* Frameworks */,
				2B479C862937EEC5005B5D78 /* Resources */,
			);
			buildRules = (
			);
			dependencies = (
				2B479C8A2937EEC5005B5D78 /* PBXTargetDependency */,
			);
			name = NS_XCUITest_ExampleTests;
			productName = NS_XCUITest_ExampleTests;
			productReference = 2B479C882937EEC5005B5D78 /* NS_XCUITest_ExampleTests.xctest */;
			productType = "com.apple.product-type.bundle.unit-test";
		};
		2B479C912937EEC5005B5D78 /* NS_XCUITest_ExampleUITests */ = {
			isa = PBXNativeTarget;
			buildConfigurationList = 2B479CA22937EEC5005B5D78 /* Build configuration list for PBXNativeTarget "NS_XCUITest_ExampleUITests" */;
			buildPhases = (
				2B479C8E2937EEC5005B5D78 /* Sources */,
				2B479C8F2937EEC5005B5D78 /* Frameworks */,
				2B479C902937EEC5005B5D78 /* Resources */,
			);
			buildRules = (
			);
			dependencies = (
				2B479C942937EEC5005B5D78 /* PBXTargetDependency */,
			);
			name = NS_XCUITest_ExampleUITests;
			productName = NS_XCUITest_ExampleUITests;
			productReference = 2B479C922937EEC5005B5D78 /* NS_XCUITest_ExampleUITests.xctest */;
			productType = "com.apple.product-type.bundle.ui-testing";
		};
/* End PBXNativeTarget section */

/* Begin PBXProject section */
		2B479C6F2937EEC2005B5D78 /* Project object */ = {
			isa = PBXProject;
			attributes = {
				BuildIndependentTargetsInParallel = 1;
				LastSwiftUpdateCheck = 1410;
				LastUpgradeCheck = 1410;
				TargetAttributes = {
					2B479C762937EEC2005B5D78 = {
						CreatedOnToolsVersion = 14.1;
					};
					2B479C872937EEC5005B5D78 = {
						CreatedOnToolsVersion = 14.1;
						TestTargetID = 2B479C762937EEC2005B5D78;
					};
					2B479C912937EEC5005B5D78 = {
						CreatedOnToolsVersion = 14.1;
						TestTargetID = 2B479C762937EEC2005B5D78;
					};
				};
			};
			buildConfigurationList = 2B479C722937EEC2005B5D78 /* Build configuration list for PBXProject "NS_XCUITest_Example" */;
			compatibilityVersion = "Xcode 14.0";
			developmentRegion = en;
			hasScannedForEncodings = 0;
			knownRegions = (
				en,
				Base,
			);
			mainGroup = 2B479C6E2937EEC2005B5D78;
			productRefGroup = 2B479C782937EEC2005B5D78 /* Products */;
			projectDirPath = "";
			projectRoot = "";
			targets = (
				2B479C762937EEC2005B5D78 /* NS_XCUITest_Example */,
				2B479C872937EEC5005B5D78 /* NS_XCUITest_ExampleTests */,
				2B479C912937EEC5005B5D78 /* NS_XCUITest_ExampleUITests */,
			);
		};
/* End PBXProject section */

/* Begin PBXResourcesBuildPhase section */
		2B479C752937EEC2005B5D78 /* Resources */ = {
			isa = PBXResourcesBuildPhase;
			buildActionMask = 2147483647;
			files = (
				2B479C832937EEC5005B5D78 /* Preview Assets.xcassets in Resources */,
				2B479C7F2937EEC5005B5D78 /* Assets.xcassets in Resources */,
			);
			runOnlyForDeploymentPostprocessing = 0;
		};
		2B479C862937EEC5005B5D78 /* Resources */ = {
			isa = PBXResourcesBuildPhase;
			buildActionMask = 2147483647;
			files = (
			);
			runOnlyForDeploymentPostprocessing = 0;
		};
		2B479C902937EEC5005B5D78 /* Resources */ = {
			isa = PBXResourcesBuildPhase;
			buildActionMask = 2147483647;
			files = (
			);
			runOnlyForDeploymentPostprocessing = 0;
		};
/* End PBXResourcesBuildPhase section */

/* Begin PBXSourcesBuildPhase section */
		2B479C732937EEC2005B5D78 /* Sources */ = {
			isa = PBXSourcesBuildPhase;
			buildActionMask = 2147483647;
			files = (
				2B479C7D2937EEC2005B5D78 /* ContentView.swift in Sources */,
				2B479C7B2937EEC2005B5D78 /* NS_XCUITest_ExampleApp.swift in Sources */,
			);
			runOnlyForDeploymentPostprocessing = 0;
		};
		2B479C842937EEC5005B5D78 /* Sources */ = {
			isa = PBXSourcesBuildPhase;
			buildActionMask = 2147483647;
			files = (
				2B479C8D2937EEC5005B5D78 /* NS_XCUITest_ExampleTests.swift in Sources */,
			);
			runOnlyForDeploymentPostprocessing = 0;
		};
		2B479C8E2937EEC5005B5D78 /* Sources */ = {
			isa = PBXSourcesBuildPhase;
			buildActionMask = 2147483647;
			files = (
				2B479C972937EEC5005B5D78 /* NS_XCUITest_ExampleUITests.swift in Sources */,
				2B479C992937EEC5005B5D78 /* NS_XCUITest_ExampleUITestsLaunchTests.swift in Sources */,
			);
			runOnlyForDeploymentPostprocessing = 0;
		};
/* End PBXSourcesBuildPhase section */

/* Begin PBXTargetDependency section */
		2B479C8A2937EEC5005B5D78 /* PBXTargetDependency */ = {
			isa = PBXTargetDependency;
			target = 2B479C762937EEC2005B5D78 /* NS_XCUITest_Example */;
			targetProxy = 2B479C892937EEC5005B5D78 /* PBXContainerItemProxy */;
		};
		2B479C942937EEC5005B5D78 /* PBXTargetDependency */ = {
			isa = PBXTargetDependency;
			target = 2B479C762937EEC2005B5D78 /* NS_XCUITest_Example */;
			targetProxy = 2B479C932937EEC5005B5D78 /* PBXContainerItemProxy */;
		};
/* End PBXTargetDependency section */

/* Begin XCBuildConfiguration section */
		2B479C9A2937EEC5005B5D78 /* Debug */ = {
			isa = XCBuildConfiguration;
			buildSettings = {
				ALWAYS_SEARCH_USER_PATHS = NO;
				CLANG_ANALYZER_NONNULL = YES;
				CLANG_ANALYZER_NUMBER_OBJECT_CONVERSION = YES_AGGRESSIVE;
				CLANG_CXX_LANGUAGE_STANDARD = "gnu++20";
				CLANG_ENABLE_MODULES = YES;
				CLANG_ENABLE_OBJC_ARC = YES;
				CLANG_ENABLE_OBJC_WEAK = YES;
				CLANG_WARN_BLOCK_CAPTURE_AUTORELEASING = YES;
				CLANG_WARN_BOOL_CONVERSION = YES;
				CLANG_WARN_COMMA = YES;
				CLANG_WARN_CONSTANT_CONVERSION = YES;
				CLANG_WARN_DEPRECATED_OBJC_IMPLEMENTATIONS = YES;
				CLANG_WARN_DIRECT_OBJC_ISA_USAGE = YES_ERROR;
				CLANG_WARN_DOCUMENTATION_COMMENTS = YES;
				CLANG_WARN_EMPTY_BODY = YES;
				CLANG_WARN_ENUM_CONVERSION = YES;
				CLANG_WARN_INFINITE_RECURSION = YES;
				CLANG_WARN_INT_CONVERSION = YES;
				CLANG_WARN_NON_LITERAL_NULL_CONVERSION = YES;
				CLANG_WARN_OBJC_IMPLICIT_RETAIN_SELF = YES;
				CLANG_WARN_OBJC_LITERAL_CONVERSION = YES;
				CLANG_WARN_OBJC_ROOT_CLASS = YES_ERROR;
				CLANG_WARN_QUOTED_INCLUDE_IN_FRAMEWORK_HEADER = YES;
				CLANG_WARN_RANGE_LOOP_ANALYSIS = YES;
				CLANG_WARN_STRICT_PROTOTYPES = YES;
				CLANG_WARN_SUSPICIOUS_MOVE = YES;
				CLANG_WARN_UNGUARDED_AVAILABILITY = YES_AGGRESSIVE;
				CLANG_WARN_UNREACHABLE_CODE = YES;
				CLANG_WARN__DUPLICATE_METHOD_MATCH = YES;
				COPY_PHASE_STRIP = NO;
				DEBUG_INFORMATION_FORMAT = dwarf;
				ENABLE_STRICT_OBJC_MSGSEND = YES;
				ENABLE_TESTABILITY = YES;
				GCC_C_LANGUAGE_STANDARD = gnu11;
				GCC_DYNAMIC_NO_PIC = NO;
				GCC_NO_COMMON_BLOCKS = YES;
				GCC_OPTIMIZATION_LEVEL = 0;
				GCC_PREPROCESSOR_DEFINITIONS = (
					"DEBUG=1",
					"$(inherited)",
				);
				GCC_WARN_64_TO_32_BIT_CONVERSION = YES;
				GCC_WARN_ABOUT_RETURN_TYPE = YES_ERROR;
				GCC_WARN_UNDECLARED_SELECTOR = YES;
				GCC_WARN_UNINITIALIZED_AUTOS = YES_AGGRESSIVE;
				GCC_WARN_UNUSED_FUNCTION = YES;
				GCC_WARN_UNUSED_VARIABLE = YES;
				MTL_ENABLE_DEBUG_INFO = INCLUDE_SOURCE;
				MTL_FAST_MATH = YES;
				ONLY_ACTIVE_ARCH = YES;
				SWIFT_ACTIVE_COMPILATION_CONDITIONS = DEBUG;
				SWIFT_OPTIMIZATION_LEVEL = "-Onone";
			};
			name = Debug;
		};
		2B479C9B2937EEC5005B5D78 /* Release */ = {
			isa = XCBuildConfiguration;
			buildSettings = {
				ALWAYS_SEARCH_USER_PATHS = NO;
				CLANG_ANALYZER_NONNULL = YES;
				CLANG_ANALYZER_NUMBER_OBJECT_CONVERSION = YES_AGGRESSIVE;
				CLANG_CXX_LANGUAGE_STANDARD = "gnu++20";
				CLANG_ENABLE_MODULES = YES;
				CLANG_ENABLE_OBJC_ARC = YES;
				CLANG_ENABLE_OBJC_WEAK = YES;
				CLANG_WARN_BLOCK_CAPTURE_AUTORELEASING = YES;
				CLANG_WARN_BOOL_CONVERSION = YES;
				CLANG_WARN_COMMA = YES;
				CLANG_WARN_CONSTANT_CONVERSION = YES;
				CLANG_WARN_DEPRECATED_OBJC_IMPLEMENTATIONS = YES;
				CLANG_WARN_DIRECT_OBJC_ISA_USAGE = YES_ERROR;
				CLANG_WARN_DOCUMENTATION_COMMENTS = YES;
				CLANG_WARN_EMPTY_BODY = YES;
				CLANG_WARN_ENUM_CONVERSION = YES;
				CLANG_WARN_INFINITE_RECURSION = YES;
				CLANG_WARN_INT_CONVERSION = YES;
				CLANG_WARN_NON_LITERAL_NULL_CONVERSION = YES;
				CLANG_WARN_OBJC_IMPLICIT_RETAIN_SELF = YES;
				CLANG_WARN_OBJC_LITERAL_CONVERSION = YES;
				CLANG_WARN_OBJC_ROOT_CLASS = YES_ERROR;
				CLANG_WARN_QUOTED_INCLUDE_IN_FRAMEWORK_HEADER = YES;
				CLANG_WARN_RANGE_LOOP_ANALYSIS = YES;
				CLANG_WARN_STRICT_PROTOTYPES = YES;
				CLANG_WARN_SUSPICIOUS_MOVE = YES;
				CLANG_WARN_UNGUARDED_AVAILABILITY = YES_AGGRESSIVE;
				CLANG_WARN_UNREACHABLE_CODE = YES;
				CLANG_WARN__DUPLICATE_METHOD_MATCH = YES;
				COPY_PHASE_STRIP = NO;
				DEBUG_INFORMATION_FORMAT = "dwarf-with-dsym";
				ENABLE_NS_ASSERTIONS = NO;
				ENABLE_STRICT_OBJC_MSGSEND = YES;
				GCC_C_LANGUAGE_STANDARD = gnu11;
				GCC_NO_COMMON_BLOCKS = YES;
				GCC_WARN_64_TO_32_BIT_CONVERSION = YES;
				GCC_WARN_ABOUT_RETURN_TYPE = YES_ERROR;
				GCC_WARN_UNDECLARED_SELECTOR = YES;
				GCC_WARN_UNINITIALIZED_AUTOS = YES_AGGRESSIVE;
				GCC_WARN_UNUSED_FUNCTION = YES;
				GCC_WARN_UNUSED_VARIABLE = YES;
				MTL_ENABLE_DEBUG_INFO = NO;
				MTL_FAST_MATH = YES;
				SWIFT_COMPILATION_MODE = wholemodule;
				SWIFT_OPTIMIZATION_LEVEL = "-O";
			};
			name = Release;
		};
		2B479C9D2937EEC5005B5D78 /* Debug */ = {
			isa = XCBuildConfiguration;
			buildSettings = {
				ASSETCATALOG_COMPILER_APPICON_NAME = AppIcon;
				ASSETCATALOG_COMPILER_GLOBAL_ACCENT_COLOR_NAME = AccentColor;
				CODE_SIGN_ENTITLEMENTS = NS_XCUITest_Example/NS_XCUITest_Example.entitlements;
				CODE_SIGN_STYLE = Automatic;
				CURRENT_PROJECT_VERSION = 1;
				DEVELOPMENT_ASSET_PATHS = "\"NS_XCUITest_Example/Preview Content\"";
				ENABLE_PREVIEWS = YES;
				GENERATE_INFOPLIST_FILE = YES;
				"INFOPLIST_KEY_UIApplicationSceneManifest_Generation[sdk=iphoneos*]" = YES;
				"INFOPLIST_KEY_UIApplicationSceneManifest_Generation[sdk=iphonesimulator*]" = YES;
				"INFOPLIST_KEY_UIApplicationSupportsIndirectInputEvents[sdk=iphoneos*]" = YES;
				"INFOPLIST_KEY_UIApplicationSupportsIndirectInputEvents[sdk=iphonesimulator*]" = YES;
				"INFOPLIST_KEY_UILaunchScreen_Generation[sdk=iphoneos*]" = YES;
				"INFOPLIST_KEY_UILaunchScreen_Generation[sdk=iphonesimulator*]" = YES;
				"INFOPLIST_KEY_UIStatusBarStyle[sdk=iphoneos*]" = UIStatusBarStyleDefault;
				"INFOPLIST_KEY_UIStatusBarStyle[sdk=iphonesimulator*]" = UIStatusBarStyleDefault;
				INFOPLIST_KEY_UISupportedInterfaceOrientations_iPad = "UIInterfaceOrientationPortrait UIInterfaceOrientationPortraitUpsideDown UIInterfaceOrientationLandscapeLeft UIInterfaceOrientationLandscapeRight";
				INFOPLIST_KEY_UISupportedInterfaceOrientations_iPhone = "UIInterfaceOrientationPortrait UIInterfaceOrientationLandscapeLeft UIInterfaceOrientationLandscapeRight";
				IPHONEOS_DEPLOYMENT_TARGET = 16.1;
				LD_RUNPATH_SEARCH_PATHS = "@executable_path/Frameworks";
				"LD_RUNPATH_SEARCH_PATHS[sdk=macosx*]" = "@executable_path/../Frameworks";
				MACOSX_DEPLOYMENT_TARGET = 13.0;
				MARKETING_VERSION = 1.0;
				PRODUCT_BUNDLE_IDENTIFIER = "com.ns.NS-XCUITest-Example";
				PRODUCT_NAME = "$(TARGET_NAME)";
				SDKROOT = auto;
				SUPPORTED_PLATFORMS = "iphoneos iphonesimulator macosx";
				SWIFT_EMIT_LOC_STRINGS = YES;
				SWIFT_VERSION = 5.0;
				TARGETED_DEVICE_FAMILY = "1,2";
			};
			name = Debug;
		};
		2B479C9E2937EEC5005B5D78 /* Release */ = {
			isa = XCBuildConfiguration;
			buildSettings = {
				ASSETCATALOG_COMPILER_APPICON_NAME = AppIcon;
				ASSETCATALOG_COMPILER_GLOBAL_ACCENT_COLOR_NAME = AccentColor;
				CODE_SIGN_ENTITLEMENTS = NS_XCUITest_Example/NS_XCUITest_Example.entitlements;
				CODE_SIGN_STYLE = Automatic;
				CURRENT_PROJECT_VERSION = 1;
				DEVELOPMENT_ASSET_PATHS = "\"NS_XCUITest_Example/Preview Content\"";
				ENABLE_PREVIEWS = YES;
				GENERATE_INFOPLIST_FILE = YES;
				"INFOPLIST_KEY_UIApplicationSceneManifest_Generation[sdk=iphoneos*]" = YES;
				"INFOPLIST_KEY_UIApplicationSceneManifest_Generation[sdk=iphonesimulator*]" = YES;
				"INFOPLIST_KEY_UIApplicationSupportsIndirectInputEvents[sdk=iphoneos*]" = YES;
				"INFOPLIST_KEY_UIApplicationSupportsIndirectInputEvents[sdk=iphonesimulator*]" = YES;
				"INFOPLIST_KEY_UILaunchScreen_Generation[sdk=iphoneos*]" = YES;
				"INFOPLIST_KEY_UILaunchScreen_Generation[sdk=iphonesimulator*]" = YES;
				"INFOPLIST_KEY_UIStatusBarStyle[sdk=iphoneos*]" = UIStatusBarStyleDefault;
				"INFOPLIST_KEY_UIStatusBarStyle[sdk=iphonesimulator*]" = UIStatusBarStyleDefault;
				INFOPLIST_KEY_UISupportedInterfaceOrientations_iPad = "UIInterfaceOrientationPortrait UIInterfaceOrientationPortraitUpsideDown UIInterfaceOrientationLandscapeLeft UIInterfaceOrientationLandscapeRight";
				INFOPLIST_KEY_UISupportedInterfaceOrientations_iPhone = "UIInterfaceOrientationPortrait UIInterfaceOrientationLandscapeLeft UIInterfaceOrientationLandscapeRight";
				IPHONEOS_DEPLOYMENT_TARGET = 16.1;
				LD_RUNPATH_SEARCH_PATHS = "@executable_path/Frameworks";
				"LD_RUNPATH_SEARCH_PATHS[sdk=macosx*]" = "@executable_path/../Frameworks";
				MACOSX_DEPLOYMENT_TARGET = 13.0;
				MARKETING_VERSION = 1.0;
				PRODUCT_BUNDLE_IDENTIFIER = "com.ns.NS-XCUITest-Example";
				PRODUCT_NAME = "$(TARGET_NAME)";
				SDKROOT = auto;
				SUPPORTED_PLATFORMS = "iphoneos iphonesimulator macosx";
				SWIFT_EMIT_LOC_STRINGS = YES;
				SWIFT_VERSION = 5.0;
				TARGETED_DEVICE_FAMILY = "1,2";
			};
			name = Release;
		};
		2B479CA02937EEC5005B5D78 /* Debug */ = {
			isa = XCBuildConfiguration;
			buildSettings = {
				ALWAYS_EMBED_SWIFT_STANDARD_LIBRARIES = YES;
				BUNDLE_LOADER = "$(TEST_HOST)";
				CODE_SIGN_STYLE = Automatic;
				CURRENT_PROJECT_VERSION = 1;
				GENERATE_INFOPLIST_FILE = YES;
				IPHONEOS_DEPLOYMENT_TARGET = 16.1;
				MACOSX_DEPLOYMENT_TARGET = 13.0;
				MARKETING_VERSION = 1.0;
				PRODUCT_BUNDLE_IDENTIFIER = "com.ns.NS-XCUITest-ExampleTests";
				PRODUCT_NAME = "$(TARGET_NAME)";
				SDKROOT = auto;
				SUPPORTED_PLATFORMS = "iphoneos iphonesimulator macosx";
				SWIFT_EMIT_LOC_STRINGS = NO;
				SWIFT_VERSION = 5.0;
				TARGETED_DEVICE_FAMILY = "1,2";
				TEST_HOST = "$(BUILT_PRODUCTS_DIR)/NS_XCUITest_Example.app/$(BUNDLE_EXECUTABLE_FOLDER_PATH)/NS_XCUITest_Example";
			};
			name = Debug;
		};
		2B479CA12937EEC5005B5D78 /* Release */ = {
			isa = XCBuildConfiguration;
			buildSettings = {
				ALWAYS_EMBED_SWIFT_STANDARD_LIBRARIES = YES;
				BUNDLE_LOADER = "$(TEST_HOST)";
				CODE_SIGN_STYLE = Automatic;
				CURRENT_PROJECT_VERSION = 1;
				GENERATE_INFOPLIST_FILE = YES;
				IPHONEOS_DEPLOYMENT_TARGET = 16.1;
				MACOSX_DEPLOYMENT_TARGET = 13.0;
				MARKETING_VERSION = 1.0;
				PRODUCT_BUNDLE_IDENTIFIER = "com.ns.NS-XCUITest-ExampleTests";
				PRODUCT_NAME = "$(TARGET_NAME)";
				SDKROOT = auto;
				SUPPORTED_PLATFORMS = "iphoneos iphonesimulator macosx";
				SWIFT_EMIT_LOC_STRINGS = NO;
				SWIFT_VERSION = 5.0;
				TARGETED_DEVICE_FAMILY = "1,2";
				TEST_HOST = "$(BUILT_PRODUCTS_DIR)/NS_XCUITest_Example.app/$(BUNDLE_EXECUTABLE_FOLDER_PATH)/NS_XCUITest_Example";
			};
			name = Release;
		};
		2B479CA32937EEC5005B5D78 /* Debug */ = {
			isa = XCBuildConfiguration;
			buildSettings = {
				ALWAYS_EMBED_SWIFT_STANDARD_LIBRARIES = YES;
				CODE_SIGN_STYLE = Automatic;
				CURRENT_PROJECT_VERSION = 1;
				GENERATE_INFOPLIST_FILE = YES;
				IPHONEOS_DEPLOYMENT_TARGET = 16.1;
				MACOSX_DEPLOYMENT_TARGET = 13.0;
				MARKETING_VERSION = 1.0;
				PRODUCT_BUNDLE_IDENTIFIER = "com.ns.NS-XCUITest-ExampleUITests";
				PRODUCT_NAME = "$(TARGET_NAME)";
				SDKROOT = auto;
				SUPPORTED_PLATFORMS = "iphoneos iphonesimulator macosx";
				SWIFT_EMIT_LOC_STRINGS = NO;
				SWIFT_VERSION = 5.0;
				TARGETED_DEVICE_FAMILY = "1,2";
				TEST_TARGET_NAME = NS_XCUITest_Example;
			};
			name = Debug;
		};
		2B479CA42937EEC5005B5D78 /* Release */ = {
			isa = XCBuildConfiguration;
			buildSettings = {
				ALWAYS_EMBED_SWIFT_STANDARD_LIBRARIES = YES;
				CODE_SIGN_STYLE = Automatic;
				CURRENT_PROJECT_VERSION = 1;
				GENERATE_INFOPLIST_FILE = YES;
				IPHONEOS_DEPLOYMENT_TARGET = 16.1;
				MACOSX_DEPLOYMENT_TARGET = 13.0;
				MARKETING_VERSION = 1.0;
				PRODUCT_BUNDLE_IDENTIFIER = "com.ns.NS-XCUITest-ExampleUITests";
				PRODUCT_NAME = "$(TARGET_NAME)";
				SDKROOT = auto;
				SUPPORTED_PLATFORMS = "iphoneos iphonesimulator macosx";
				SWIFT_EMIT_LOC_STRINGS = NO;
				SWIFT_VERSION = 5.0;
				TARGETED_DEVICE_FAMILY = "1,2";
				TEST_TARGET_NAME = NS_XCUITest_Example;
			};
			name = Release;
		};
/* End XCBuildConfiguration section */

/* Begin XCConfigurationList section */
		2B479C722937EEC2005B5D78 /* Build configuration list for PBXProject "NS_XCUITest_Example" */ = {
			isa = XCConfigurationList;
			buildConfigurations = (
				2B479C9A2937EEC5005B5D78 /* Debug */,
				2B479C9B2937EEC5005B5D78 /* Release */,
			);
			defaultConfigurationIsVisible = 0;
			defaultConfigurationName = Release;
		};
		2B479C9C2937EEC5005B5D78 /* Build configuration list for PBXNativeTarget "NS_XCUITest_Example" */ = {
			isa = XCConfigurationList;
			buildConfigurations = (
				2B479C9D2937EEC5005B5D78 /* Debug */,
				2B479C9E2937EEC5005B5D78 /* Release */,
			);
			defaultConfigurationIsVisible = 0;
			defaultConfigurationName = Release;
		};
		2B479C9F2937EEC5005B5D78 /* Build configuration list for PBXNativeTarget "NS_XCUITest_ExampleTests" */ = {
			isa = XCConfigurationList;
			buildConfigurations = (
				2B479CA02937EEC5005B5D78 /* Debug */,
				2B479CA12937EEC5005B5D78 /* Release */,
			);
			defaultConfigurationIsVisible = 0;
			defaultConfigurationName = Release;
		};
		2B479CA22937EEC5005B5D78 /* Build configuration list for PBXNativeTarget "NS_XCUITest_ExampleUITests" */ = {
			isa = XCConfigurationList;
			buildConfigurations = (
				2B479CA32937EEC5005B5D78 /* Debug */,
				2B479CA42937EEC5005B5D78 /* Release */,
			);
			defaultConfigurationIsVisible = 0;
			defaultConfigurationName = Release;
		};
/* End XCConfigurationList section */
	};
	rootObject = 2B479C6F2937EEC2005B5D78 /* Project object */;
}
